
Microsoft Visual Studio Solution File, Format Version 12.00
# Visual Studio Version 16
VisualStudioVersion = 16.0.31624.102
MinimumVisualStudioVersion = 10.0.40219.1
Project("{9A19103F-16F7-4668-BE54-9A1E7A4F7556}") = "lab-1", "lab-1\lab-1.csproj", "{E10DF0DA-F009-4CC1-91A8-6E65D3256314}"
EndProject
Project("{9A19103F-16F7-4668-BE54-9A1E7A4F7556}") = "Lab-2", "Lab-2\Lab-2.csproj", "{1935254C-A7A8-4528-B1D2-5B49EC82BCEC}"
EndProject
Project("{9A19103F-16F7-4668-BE54-9A1E7A4F7556}") = "Lab-3", "Lab-3\Lab-3.csproj", "{76252471-83A6-4983-9335-DCB24A7C4123}"
EndProject
Project("{9A19103F-16F7-4668-BE54-9A1E7A4F7556}") = "lab-4", "lab-4\lab-4.csproj", "{571F5EB8-E86F-44FE-9698-3203728CF336}"
EndProject
Project("{9A19103F-16F7-4668-BE54-9A1E7A4F7556}") = "lab 5", "lab 5\lab 5.csproj", "{379A2EF9-FD38-4E1B-8757-1976B9D95B2B}"
EndProject
Project("{9A19103F-16F7-4668-BE54-9A1E7A4F7556}") = "Lab 6", "Lab 6\Lab 6.csproj", "{EB03E5CE-4DE4-4B96-9550-AB454B213BB3}"
EndProject
Project("{FAE04EC0-301F-11D3-BF4B-00C04F79EFBC}") = "Lab 7", "Lab 7\Lab 7.csproj", "{282DE24F-4958-4CF2-BE7F-C2E96B3E903C}"
EndProject
Project("{FAE04EC0-301F-11D3-BF4B-00C04F79EFBC}") = "Lab 7-2", "Lab 7-2\Lab 7-2.csproj", "{351BFFF9-6E87-4AB2-B537-A67E609D0D8F}"
EndProject
Global
	GlobalSection(SolutionConfigurationPlatforms) = preSolution
		Debug|Any CPU = Debug|Any CPU
		Release|Any CPU = Release|Any CPU
	EndGlobalSection
	GlobalSection(ProjectConfigurationPlatforms) = postSolution
		{E10DF0DA-F009-4CC1-91A8-6E65D3256314}.Debug|Any CPU.ActiveCfg = Debug|Any CPU
		{E10DF0DA-F009-4CC1-91A8-6E65D3256314}.Debug|Any CPU.Build.0 = Debug|Any CPU
		{E10DF0DA-F009-4CC1-91A8-6E65D3256314}.Release|Any CPU.ActiveCfg = Release|Any CPU
		{E10DF0DA-F009-4CC1-91A8-6E65D3256314}.Release|Any CPU.Build.0 = Release|Any CPU
		{1935254C-A7A8-4528-B1D2-5B49EC82BCEC}.Debug|Any CPU.ActiveCfg = Debug|Any CPU
		{1935254C-A7A8-4528-B1D2-5B49EC82BCEC}.Debug|Any CPU.Build.0 = Debug|Any CPU
		{1935254C-A7A8-4528-B1D2-5B49EC82BCEC}.Release|Any CPU.ActiveCfg = Release|Any CPU
		{1935254C-A7A8-4528-B1D2-5B49EC82BCEC}.Release|Any CPU.Build.0 = Release|Any CPU
		{76252471-83A6-4983-9335-DCB24A7C4123}.Debug|Any CPU.ActiveCfg = Debug|Any CPU
		{76252471-83A6-4983-9335-DCB24A7C4123}.Debug|Any CPU.Build.0 = Debug|Any CPU
		{76252471-83A6-4983-9335-DCB24A7C4123}.Release|Any CPU.ActiveCfg = Release|Any CPU
		{76252471-83A6-4983-9335-DCB24A7C4123}.Release|Any CPU.Build.0 = Release|Any CPU
		{571F5EB8-E86F-44FE-9698-3203728CF336}.Debug|Any CPU.ActiveCfg = Debug|Any CPU
		{571F5EB8-E86F-44FE-9698-3203728CF336}.Debug|Any CPU.Build.0 = Debug|Any CPU
		{571F5EB8-E86F-44FE-9698-3203728CF336}.Release|Any CPU.ActiveCfg = Release|Any CPU
		{571F5EB8-E86F-44FE-9698-3203728CF336}.Release|Any CPU.Build.0 = Release|Any CPU
		{379A2EF9-FD38-4E1B-8757-1976B9D95B2B}.Debug|Any CPU.ActiveCfg = Debug|Any CPU
		{379A2EF9-FD38-4E1B-8757-1976B9D95B2B}.Debug|Any CPU.Build.0 = Debug|Any CPU
		{379A2EF9-FD38-4E1B-8757-1976B9D95B2B}.Release|Any CPU.ActiveCfg = Release|Any CPU
		{379A2EF9-FD38-4E1B-8757-1976B9D95B2B}.Release|Any CPU.Build.0 = Release|Any CPU
		{EB03E5CE-4DE4-4B96-9550-AB454B213BB3}.Debug|Any CPU.ActiveCfg = Debug|Any CPU
		{EB03E5CE-4DE4-4B96-9550-AB454B213BB3}.Debug|Any CPU.Build.0 = Debug|Any CPU
		{EB03E5CE-4DE4-4B96-9550-AB454B213BB3}.Release|Any CPU.ActiveCfg = Release|Any CPU
		{EB03E5CE-4DE4-4B96-9550-AB454B213BB3}.Release|Any CPU.Build.0 = Release|Any CPU
		{282DE24F-4958-4CF2-BE7F-C2E96B3E903C}.Debug|Any CPU.ActiveCfg = Debug|Any CPU
		{282DE24F-4958-4CF2-BE7F-C2E96B3E903C}.Debug|Any CPU.Build.0 = Debug|Any CPU
		{282DE24F-4958-4CF2-BE7F-C2E96B3E903C}.Release|Any CPU.ActiveCfg = Release|Any CPU
		{282DE24F-4958-4CF2-BE7F-C2E96B3E903C}.Release|Any CPU.Build.0 = Release|Any CPU
		{351BFFF9-6E87-4AB2-B537-A67E609D0D8F}.Debug|Any CPU.ActiveCfg = Debug|Any CPU
		{351BFFF9-6E87-4AB2-B537-A67E609D0D8F}.Debug|Any CPU.Build.0 = Debug|Any CPU
		{351BFFF9-6E87-4AB2-B537-A67E609D0D8F}.Release|Any CPU.ActiveCfg = Release|Any CPU
		{351BFFF9-6E87-4AB2-B537-A67E609D0D8F}.Release|Any CPU.Build.0 = Release|Any CPU
	EndGlobalSection
	GlobalSection(SolutionProperties) = preSolution
		HideSolutionNode = FALSE
	EndGlobalSection
	GlobalSection(ExtensibilityGlobals) = postSolution
		SolutionGuid = {CC0681ED-39FA-4521-9EAA-13D19830EB09}
	EndGlobalSection
EndGlobal
